// !$*UTF8*$!
{
	archiveVersion = 1;
	classes = {
	};
	objectVersion = 46;
	objects = {

/* Begin PBXBuildFile section */
		6CEEF23C1EDCBA7A00310CCB /* AppDelegate.swift in Sources */ = {isa = PBXBuildFile; fileRef = 6CEEF23B1EDCBA7A00310CCB /* AppDelegate.swift */; };
		6CEEF23E1EDCBA7A00310CCB /* ViewController.swift in Sources */ = {isa = PBXBuildFile; fileRef = 6CEEF23D1EDCBA7A00310CCB /* ViewController.swift */; };
		6CEEF2411EDCBA7A00310CCB /* Main.storyboard in Resources */ = {isa = PBXBuildFile; fileRef = 6CEEF23F1EDCBA7A00310CCB /* Main.storyboard */; };
		6CEEF2431EDCBA7A00310CCB /* Assets.xcassets in Resources */ = {isa = PBXBuildFile; fileRef = 6CEEF2421EDCBA7A00310CCB /* Assets.xcassets */; };
		6CEEF2461EDCBA7A00310CCB /* LaunchScreen.storyboard in Resources */ = {isa = PBXBuildFile; fileRef = 6CEEF2441EDCBA7A00310CCB /* LaunchScreen.storyboard */; };
/* End PBXBuildFile section */

/* Begin PBXFileReference section */
		6CEEF2381EDCBA7A00310CCB /* aj first ios app w udemy.app */ = {isa = PBXFileReference; explicitFileType = wrapper.application; includeInIndex = 0; path = "aj first ios app w udemy.app"; sourceTree = BUILT_PRODUCTS_DIR; };
		6CEEF23B1EDCBA7A00310CCB /* AppDelegate.swift */ = {isa = PBXFileReference; lastKnownFileType = sourcecode.swift; path = AppDelegate.swift; sourceTree = "<group>"; };
		6CEEF23D1EDCBA7A00310CCB /* ViewController.swift */ = {isa = PBXFileReference; lastKnownFileType = sourcecode.swift; path = ViewController.swift; sourceTree = "<group>"; };
		6CEEF2401EDCBA7A00310CCB /* Base */ = {isa = PBXFileReference; lastKnownFileType = file.storyboard; name = Base; path = Base.lproj/Main.storyboard; sourceTree = "<group>"; };
		6CEEF2421EDCBA7A00310CCB /* Assets.xcassets */ = {isa = PBXFileReference; lastKnownFileType = folder.assetcatalog; path = Assets.xcassets; sourceTree = "<group>"; };
		6CEEF2451EDCBA7A00310CCB /* Base */ = {isa = PBXFileReference; lastKnownFileType = file.storyboard; name = Base; path = Base.lproj/LaunchScreen.storyboard; sourceTree = "<group>"; };
		6CEEF2471EDCBA7A00310CCB /* Info.plist */ = {isa = PBXFileReference; lastKnownFileType = text.plist.xml; path = Info.plist; sourceTree = "<group>"; };
/* End PBXFileReference section */

/* Begin PBXFrameworksBuildPhase section */
		6CEEF2351EDCBA7A00310CCB /* Frameworks */ = {
			isa = PBXFrameworksBuildPhase;
			buildActionMask = 2147483647;
			files = (
			);
			runOnlyForDeploymentPostprocessing = 0;
		};
/* End PBXFrameworksBuildPhase section */

/* Begin PBXGroup section */
		6CEEF22F1EDCBA7A00310CCB = {
			isa = PBXGroup;
			children = (
				6CEEF23A1EDCBA7A00310CCB /* aj first ios app w udemy */,
				6CEEF2391EDCBA7A00310CCB /* Products */,
			);
			sourceTree = "<group>";
		};
		6CEEF2391EDCBA7A00310CCB /* Products */ = {
			isa = PBXGroup;
			children = (
				6CEEF2381EDCBA7A00310CCB /* aj first ios app w udemy.app */,
			);
			name = Products;
			sourceTree = "<group>";
		};
		6CEEF23A1EDCBA7A00310CCB /* aj first ios app w udemy */ = {
			isa = PBXGroup;
			children = (
				6CEEF23B1EDCBA7A00310CCB /* AppDelegate.swift */,
				6CEEF23D1EDCBA7A00310CCB /* ViewController.swift */,
				6CEEF23F1EDCBA7A00310CCB /* Main.storyboard */,
				6CEEF2421EDCBA7A00310CCB /* Assets.xcassets */,
				6CEEF2441EDCBA7A00310CCB /* LaunchScreen.storyboard */,
				6CEEF2471EDCBA7A00310CCB /* Info.plist */,
			);
			path = "aj first ios app w udemy";
			sourceTree = "<group>";
		};
/* End PBXGroup section */

/* Begin PBXNativeTarget section */
		6CEEF2371EDCBA7A00310CCB /* aj first ios app w udemy */ = {
			isa = PBXNativeTarget;
			buildConfigurationList = 6CEEF24A1EDCBA7A00310CCB /* Build configuration list for PBXNativeTarget "aj first ios app w udemy" */;
			buildPhases = (
				6CEEF2341EDCBA7A00310CCB /* Sources */,
				6CEEF2351EDCBA7A00310CCB /* Frameworks */,
				6CEEF2361EDCBA7A00310CCB /* Resources */,
			);
			buildRules = (
			);
			dependencies = (
			);
			name = "aj first ios app w udemy";
			productName = "aj first ios app w udemy";
			productReference = 6CEEF2381EDCBA7A00310CCB /* aj first ios app w udemy.app */;
			productType = "com.apple.product-type.application";
		};
/* End PBXNativeTarget section */

/* Begin PBXProject section */
		6CEEF2301EDCBA7A00310CCB /* Project object */ = {
			isa = PBXProject;
			attributes = {
				LastSwiftUpdateCheck = 0830;
				LastUpgradeCheck = 0830;
				ORGANIZATIONNAME = "Anisha John";
				TargetAttributes = {
					6CEEF2371EDCBA7A00310CCB = {
						CreatedOnToolsVersion = 8.3.2;
						ProvisioningStyle = Automatic;
					};
				};
			};
			buildConfigurationList = 6CEEF2331EDCBA7A00310CCB /* Build configuration list for PBXProject "aj first ios app w udemy" */;
			compatibilityVersion = "Xcode 3.2";
			developmentRegion = English;
			hasScannedForEncodings = 0;
			knownRegions = (
				en,
				Base,
			);
			mainGroup = 6CEEF22F1EDCBA7A00310CCB;
			productRefGroup = 6CEEF2391EDCBA7A00310CCB /* Products */;
			projectDirPath = "";
			projectRoot = "";
			targets = (
				6CEEF2371EDCBA7A00310CCB /* aj first ios app w udemy */,
			);
		};
/* End PBXProject section */

/* Begin PBXResourcesBuildPhase section */
		6CEEF2361EDCBA7A00310CCB /* Resources */ = {
			isa = PBXResourcesBuildPhase;
			buildActionMask = 2147483647;
			files = (
				6CEEF2461EDCBA7A00310CCB /* LaunchScreen.storyboard in Resources */,
				6CEEF2431EDCBA7A00310CCB /* Assets.xcassets in Resources */,
				6CEEF2411EDCBA7A00310CCB /* Main.storyboard in Resources */,
			);
			runOnlyForDeploymentPostprocessing = 0;
		};
/* End PBXResourcesBuildPhase section */

/* Begin PBXSourcesBuildPhase section */
		6CEEF2341EDCBA7A00310CCB /* Sources */ = {
			isa = PBXSourcesBuildPhase;
			buildActionMask = 2147483647;
			files = (
				6CEEF23E1EDCBA7A00310CCB /* ViewController.swift in Sources */,
				6CEEF23C1EDCBA7A00310CCB /* AppDelegate.swift in Sources */,
			);
			runOnlyForDeploymentPostprocessing = 0;
		};
/* End PBXSourcesBuildPhase section */

/* Begin PBXVariantGroup section */
		6CEEF23F1EDCBA7A00310CCB /* Main.storyboard */ = {
			isa = PBXVariantGroup;
			children = (
				6CEEF2401EDCBA7A00310CCB /* Base */,
			);
			name = Main.storyboard;
			sourceTree = "<group>";
		};
		6CEEF2441EDCBA7A00310CCB /* LaunchScreen.storyboard */ = {
			isa = PBXVariantGroup;
			children = (
				6CEEF2451EDCBA7A00310CCB /* Base */,
			);
			name = LaunchScreen.storyboard;
			sourceTree = "<group>";
		};
/* End PBXVariantGroup section */

/* Begin XCBuildConfiguration section */
		6CEEF2481EDCBA7A00310CCB /* Debug */ = {
			isa = XCBuildConfiguration;
			buildSettings = {
				ALWAYS_SEARCH_USER_PATHS = NO;
				CLANG_ANALYZER_NONNULL = YES;
				CLANG_ANALYZER_NUMBER_OBJECT_CONVERSION = YES_AGGRESSIVE;
				CLANG_CXX_LANGUAGE_STANDARD = "gnu++0x";
				CLANG_CXX_LIBRARY = "libc++";
				CLANG_ENABLE_MODULES = YES;
				CLANG_ENABLE_OBJC_ARC = YES;
				CLANG_WARN_BOOL_CONVERSION = YES;
				CLANG_WARN_CONSTANT_CONVERSION = YES;
				CLANG_WARN_DIRECT_OBJC_ISA_USAGE = YES_ERROR;
				CLANG_WARN_DOCUMENTATION_COMMENTS = YES;
				CLANG_WARN_EMPTY_BODY = YES;
				CLANG_WARN_ENUM_CONVERSION = YES;
				CLANG_WARN_INFINITE_RECURSION = YES;
				CLANG_WARN_INT_CONVERSION = YES;
				CLANG_WARN_OBJC_ROOT_CLASS = YES_ERROR;
				CLANG_WARN_SUSPICIOUS_MOVE = YES;
				CLANG_WARN_UNREACHABLE_CODE = YES;
				CLANG_WARN__DUPLICATE_METHOD_MATCH = YES;
				"CODE_SIGN_IDENTITY[sdk=iphoneos*]" = "iPhone Developer";
				COPY_PHASE_STRIP = NO;
				DEBUG_INFORMATION_FORMAT = dwarf;
				ENABLE_STRICT_OBJC_MSGSEND = YES;
				ENABLE_TESTABILITY = YES;
				GCC_C_LANGUAGE_STANDARD = gnu99;
				GCC_DYNAMIC_NO_PIC = NO;
				GCC_NO_COMMON_BLOCKS = YES;
				GCC_OPTIMIZATION_LEVEL = 0;
				GCC_PREPROCESSOR_DEFINITIONS = (
					"DEBUG=1",
					"$(inherited)",
				);
				GCC_WARN_64_TO_32_BIT_CONVERSION = YES;
				GCC_WARN_ABOUT_RETURN_TYPE = YES_ERROR;
				GCC_WARN_UNDECLARED_SELECTOR = YES;
				GCC_WARN_UNINITIALIZED_AUTOS = YES_AGGRESSIVE;
				GCC_WARN_UNUSED_FUNCTION = YES;
				GCC_WARN_UNUSED_VARIABLE = YES;
				IPHONEOS_DEPLOYMENT_TARGET = 10.3;
				MTL_ENABLE_DEBUG_INFO = YES;
				ONLY_ACTIVE_ARCH = YES;
				SDKROOT = iphoneos;
				SWIFT_ACTIVE_COMPILATION_CONDITIONS = DEBUG;
				SWIFT_OPTIMIZATION_LEVEL = "-Onone";
				TARGETED_DEVICE_FAMILY = "1,2";
			};
			name = Debug;
		};
		6CEEF2491EDCBA7A00310CCB /* Release */ = {
			isa = XCBuildConfiguration;
			buildSettings = {
				ALWAYS_SEARCH_USER_PATHS = NO;
				CLANG_ANALYZER_NONNULL = YES;
				CLANG_ANALYZER_NUMBER_OBJECT_CONVERSION = YES_AGGRESSIVE;
				CLANG_CXX_LANGUAGE_STANDARD = "gnu++0x";
				CLANG_CXX_LIBRARY = "libc++";
				CLANG_ENABLE_MODULES = YES;
				CLANG_ENABLE_OBJC_ARC = YES;
				CLANG_WARN_BOOL_CONVERSION = YES;
				CLANG_WARN_CONSTANT_CONVERSION = YES;
				CLANG_WARN_DIRECT_OBJC_ISA_USAGE = YES_ERROR;
				CLANG_WARN_DOCUMENTATION_COMMENTS = YES;
				CLANG_WARN_EMPTY_BODY = YES;
				CLANG_WARN_ENUM_CONVERSION = YES;
				CLANG_WARN_INFINITE_RECURSION = YES;
				CLANG_WARN_INT_CONVERSION = YES;
				CLANG_WARN_OBJC_ROOT_CLASS = YES_ERROR;
				CLANG_WARN_SUSPICIOUS_MOVE = YES;
				CLANG_WARN_UNREACHABLE_CODE = YES;
				CLANG_WARN__DUPLICATE_METHOD_MATCH = YES;
				"CODE_SIGN_IDENTITY[sdk=iphoneos*]" = "iPhone Developer";
				COPY_PHASE_STRIP = NO;
				DEBUG_INFORMATION_FORMAT = "dwarf-with-dsym";
				ENABLE_NS_ASSERTIONS = NO;
				ENABLE_STRICT_OBJC_MSGSEND = YES;
				GCC_C_LANGUAGE_STANDARD = gnu99;
				GCC_NO_COMMON_BLOCKS = YES;
				GCC_WARN_64_TO_32_BIT_CONVERSION = YES;
				GCC_WARN_ABOUT_RETURN_TYPE = YES_ERROR;
				GCC_WARN_UNDECLARED_SELECTOR = YES;
				GCC_WARN_UNINITIALIZED_AUTOS = YES_AGGRESSIVE;
				GCC_WARN_UNUSED_FUNCTION = YES;
				GCC_WARN_UNUSED_VARIABLE = YES;
				IPHONEOS_DEPLOYMENT_TARGET = 10.3;
				MTL_ENABLE_DEBUG_INFO = NO;
				SDKROOT = iphoneos;
				SWIFT_OPTIMIZATION_LEVEL = "-Owholemodule";
				TARGETED_DEVICE_FAMILY = "1,2";
				VALIDATE_PRODUCT = YES;
			};
			name = Release;
		};
		6CEEF24B1EDCBA7A00310CCB /* Debug */ = {
			isa = XCBuildConfiguration;
			buildSettings = {
				ASSETCATALOG_COMPILER_APPICON_NAME = AppIcon;
				INFOPLIST_FILE = "aj first ios app w udemy/Info.plist";
				LD_RUNPATH_SEARCH_PATHS = "$(inherited) @executable_path/Frameworks";
				PRODUCT_BUNDLE_IDENTIFIER = "aj.aj-first-ios-app-w-udemy";
				PRODUCT_NAME = "$(TARGET_NAME)";
				SWIFT_VERSION = 3.0;
			};
			name = Debug;
		};
		6CEEF24C1EDCBA7A00310CCB /* Release */ = {
			isa = XCBuildConfiguration;
			buildSettings = {
				ASSETCATALOG_COMPILER_APPICON_NAME = AppIcon;
				INFOPLIST_FILE = "aj first ios app w udemy/Info.plist";
				LD_RUNPATH_SEARCH_PATHS = "$(inherited) @executable_path/Frameworks";
				PRODUCT_BUNDLE_IDENTIFIER = "aj.aj-first-ios-app-w-udemy";
				PRODUCT_NAME = "$(TARGET_NAME)";
				SWIFT_VERSION = 3.0;
			};
			name = Release;
		};
/* End XCBuildConfiguration section */

/* Begin XCConfigurationList section */
		6CEEF2331EDCBA7A00310CCB /* Build configuration list for PBXProject "aj first ios app w udemy" */ = {
			isa = XCConfigurationList;
			buildConfigurations = (
				6CEEF2481EDCBA7A00310CCB /* Debug */,
				6CEEF2491EDCBA7A00310CCB /* Release */,
			);
			defaultConfigurationIsVisible = 0;
			defaultConfigurationName = Release;
		};
		6CEEF24A1EDCBA7A00310CCB /* Build configuration list for PBXNativeTarget "aj first ios app w udemy" */ = {
			isa = XCConfigurationList;
			buildConfigurations = (
				6CEEF24B1EDCBA7A00310CCB /* Debug */,
				6CEEF24C1EDCBA7A00310CCB /* Release */,
			);
			defaultConfigurationIsVisible = 0;
		};
/* End XCConfigurationList section */
	};
	rootObject = 6CEEF2301EDCBA7A00310CCB /* Project object */;
}
